// !$*UTF8*$!
{
	archiveVersion = 1;
	classes = {
	};
	objectVersion = 46;
	objects = {

/* Begin PBXBuildFile section */
		AF0178591C247C0F007577F4 /* LocationInfo.plist in Resources */ = {isa = PBXBuildFile; fileRef = AF0178581C247C0F007577F4 /* LocationInfo.plist */; };
		AF01785D1C24967F007577F4 /* LocalSearchModel.swift in Sources */ = {isa = PBXBuildFile; fileRef = AF01785C1C24967F007577F4 /* LocalSearchModel.swift */; };
		AF01785F1C2499A1007577F4 /* LocalSearchList.swift in Sources */ = {isa = PBXBuildFile; fileRef = AF01785E1C2499A1007577F4 /* LocalSearchList.swift */; };
		AF7493A01C0630FA00BF1405 /* AppDelegate.swift in Sources */ = {isa = PBXBuildFile; fileRef = AF74939F1C0630FA00BF1405 /* AppDelegate.swift */; };
		AF7493A51C0630FA00BF1405 /* Main.storyboard in Resources */ = {isa = PBXBuildFile; fileRef = AF7493A31C0630FA00BF1405 /* Main.storyboard */; };
		AF7493A81C0630FA00BF1405 /* SeoulPublicPop.xcdatamodeld in Sources */ = {isa = PBXBuildFile; fileRef = AF7493A61C0630FA00BF1405 /* SeoulPublicPop.xcdatamodeld */; };
		AF7493AA1C0630FA00BF1405 /* Assets.xcassets in Resources */ = {isa = PBXBuildFile; fileRef = AF7493A91C0630FA00BF1405 /* Assets.xcassets */; };
		AF7493AD1C0630FA00BF1405 /* LaunchScreen.storyboard in Resources */ = {isa = PBXBuildFile; fileRef = AF7493AB1C0630FA00BF1405 /* LaunchScreen.storyboard */; };
		AF7493B81C0630FB00BF1405 /* SeoulPublicPopTests.swift in Sources */ = {isa = PBXBuildFile; fileRef = AF7493B71C0630FB00BF1405 /* SeoulPublicPopTests.swift */; };
		AF7493C31C0635F500BF1405 /* CategoryList.plist in Resources */ = {isa = PBXBuildFile; fileRef = AF7493C21C0635F500BF1405 /* CategoryList.plist */; };
		AF7493C51C06373500BF1405 /* CategoryModel.swift in Sources */ = {isa = PBXBuildFile; fileRef = AF7493C41C06373500BF1405 /* CategoryModel.swift */; };
		AF7493C71C06379B00BF1405 /* CategoryList.swift in Sources */ = {isa = PBXBuildFile; fileRef = AF7493C61C06379B00BF1405 /* CategoryList.swift */; };
		AF7493C91C063A1B00BF1405 /* CategoryListViewController.swift in Sources */ = {isa = PBXBuildFile; fileRef = AF7493C81C063A1B00BF1405 /* CategoryListViewController.swift */; };
		AF7493CB1C0683D300BF1405 /* CategoryListViewCell.swift in Sources */ = {isa = PBXBuildFile; fileRef = AF7493CA1C0683D300BF1405 /* CategoryListViewCell.swift */; };
		AFAF50651C2685FC00B76F7D /* ThumbnailListViewController.swift in Sources */ = {isa = PBXBuildFile; fileRef = AFAF50641C2685FC00B76F7D /* ThumbnailListViewController.swift */; };
		AFAF506C1C269CC800B76F7D /* iCarousel.m in Sources */ = {isa = PBXBuildFile; fileRef = AFAF506B1C269CC800B76F7D /* iCarousel.m */; };
		AFAF50731C26FE2800B76F7D /* ThumbnailCard.xib in Resources */ = {isa = PBXBuildFile; fileRef = AFAF50721C26FE2800B76F7D /* ThumbnailCard.xib */; };
		AFAF50751C26FEDA00B76F7D /* ThumbnailListView.swift in Sources */ = {isa = PBXBuildFile; fileRef = AFAF50741C26FEDA00B76F7D /* ThumbnailListView.swift */; };
		AFCE8D741C0698560024E41E /* CategoryListLayoutDraw.swift in Sources */ = {isa = PBXBuildFile; fileRef = AFCE8D731C0698560024E41E /* CategoryListLayoutDraw.swift */; };
		AFDBE35F1C21F1220072B9DB /* LocalSearchViewController.swift in Sources */ = {isa = PBXBuildFile; fileRef = AFDBE35E1C21F1220072B9DB /* LocalSearchViewController.swift */; };
		AFDBE3611C21F12F0072B9DB /* MapSearchViewController.swift in Sources */ = {isa = PBXBuildFile; fileRef = AFDBE3601C21F12F0072B9DB /* MapSearchViewController.swift */; };
		AFDBE3941C21F4D70072B9DB /* MapKit.framework in Frameworks */ = {isa = PBXBuildFile; fileRef = AFDBE3931C21F4D70072B9DB /* MapKit.framework */; };
		CD637E831C257C6400094082 /* SemiDetailData.swift in Sources */ = {isa = PBXBuildFile; fileRef = CD637E821C257C6400094082 /* SemiDetailData.swift */; };
		CD6BC7B71C267A65004634D8 /* Sector.swift in Sources */ = {isa = PBXBuildFile; fileRef = CD6BC7B61C267A64004634D8 /* Sector.swift */; };
		CD6BC7BB1C2685F9004634D8 /* Local.swift in Sources */ = {isa = PBXBuildFile; fileRef = CD6BC7BA1C2685F9004634D8 /* Local.swift */; };
		CD8C7B261C25083200781A27 /* DataCenter.swift in Sources */ = {isa = PBXBuildFile; fileRef = CD8C7B231C25083200781A27 /* DataCenter.swift */; };
		CD8C7B271C25083200781A27 /* DataLoader.swift in Sources */ = {isa = PBXBuildFile; fileRef = CD8C7B241C25083200781A27 /* DataLoader.swift */; };
		CD8C7B281C25083200781A27 /* RequestChunk.swift in Sources */ = {isa = PBXBuildFile; fileRef = CD8C7B251C25083200781A27 /* RequestChunk.swift */; };
/* End PBXBuildFile section */

/* Begin PBXContainerItemProxy section */
		AF7493B41C0630FA00BF1405 /* PBXContainerItemProxy */ = {
			isa = PBXContainerItemProxy;
			containerPortal = AF7493941C0630FA00BF1405 /* Project object */;
			proxyType = 1;
			remoteGlobalIDString = AF74939B1C0630FA00BF1405;
			remoteInfo = SeoulPublicPop;
		};
/* End PBXContainerItemProxy section */

/* Begin PBXFileReference section */
		AF0178581C247C0F007577F4 /* LocationInfo.plist */ = {isa = PBXFileReference; fileEncoding = 4; lastKnownFileType = text.plist.xml; path = LocationInfo.plist; sourceTree = "<group>"; };
		AF01785C1C24967F007577F4 /* LocalSearchModel.swift */ = {isa = PBXFileReference; fileEncoding = 4; lastKnownFileType = sourcecode.swift; path = LocalSearchModel.swift; sourceTree = "<group>"; };
		AF01785E1C2499A1007577F4 /* LocalSearchList.swift */ = {isa = PBXFileReference; fileEncoding = 4; lastKnownFileType = sourcecode.swift; path = LocalSearchList.swift; sourceTree = "<group>"; };
		AF74939C1C0630FA00BF1405 /* SeoulPublicPop.app */ = {isa = PBXFileReference; explicitFileType = wrapper.application; includeInIndex = 0; path = SeoulPublicPop.app; sourceTree = BUILT_PRODUCTS_DIR; };
		AF74939F1C0630FA00BF1405 /* AppDelegate.swift */ = {isa = PBXFileReference; lastKnownFileType = sourcecode.swift; path = AppDelegate.swift; sourceTree = "<group>"; };
		AF7493A41C0630FA00BF1405 /* Base */ = {isa = PBXFileReference; lastKnownFileType = file.storyboard; name = Base; path = Base.lproj/Main.storyboard; sourceTree = "<group>"; };
		AF7493A71C0630FA00BF1405 /* SeoulPublicPop.xcdatamodel */ = {isa = PBXFileReference; lastKnownFileType = wrapper.xcdatamodel; path = SeoulPublicPop.xcdatamodel; sourceTree = "<group>"; };
		AF7493A91C0630FA00BF1405 /* Assets.xcassets */ = {isa = PBXFileReference; lastKnownFileType = folder.assetcatalog; path = Assets.xcassets; sourceTree = "<group>"; };
		AF7493AC1C0630FA00BF1405 /* Base */ = {isa = PBXFileReference; lastKnownFileType = file.storyboard; name = Base; path = Base.lproj/LaunchScreen.storyboard; sourceTree = "<group>"; };
		AF7493AE1C0630FA00BF1405 /* Info.plist */ = {isa = PBXFileReference; lastKnownFileType = text.plist.xml; path = Info.plist; sourceTree = "<group>"; };
		AF7493B31C0630FA00BF1405 /* SeoulPublicPopTests.xctest */ = {isa = PBXFileReference; explicitFileType = wrapper.cfbundle; includeInIndex = 0; path = SeoulPublicPopTests.xctest; sourceTree = BUILT_PRODUCTS_DIR; };
		AF7493B71C0630FB00BF1405 /* SeoulPublicPopTests.swift */ = {isa = PBXFileReference; lastKnownFileType = sourcecode.swift; path = SeoulPublicPopTests.swift; sourceTree = "<group>"; };
		AF7493B91C0630FB00BF1405 /* Info.plist */ = {isa = PBXFileReference; lastKnownFileType = text.plist.xml; path = Info.plist; sourceTree = "<group>"; };
		AF7493C21C0635F500BF1405 /* CategoryList.plist */ = {isa = PBXFileReference; fileEncoding = 4; lastKnownFileType = text.plist.xml; path = CategoryList.plist; sourceTree = "<group>"; };
		AF7493C41C06373500BF1405 /* CategoryModel.swift */ = {isa = PBXFileReference; fileEncoding = 4; lastKnownFileType = sourcecode.swift; path = CategoryModel.swift; sourceTree = "<group>"; };
		AF7493C61C06379B00BF1405 /* CategoryList.swift */ = {isa = PBXFileReference; fileEncoding = 4; lastKnownFileType = sourcecode.swift; path = CategoryList.swift; sourceTree = "<group>"; };
		AF7493C81C063A1B00BF1405 /* CategoryListViewController.swift */ = {isa = PBXFileReference; fileEncoding = 4; lastKnownFileType = sourcecode.swift; path = CategoryListViewController.swift; sourceTree = "<group>"; };
		AF7493CA1C0683D300BF1405 /* CategoryListViewCell.swift */ = {isa = PBXFileReference; fileEncoding = 4; lastKnownFileType = sourcecode.swift; path = CategoryListViewCell.swift; sourceTree = "<group>"; };
		AFAF50641C2685FC00B76F7D /* ThumbnailListViewController.swift */ = {isa = PBXFileReference; fileEncoding = 4; lastKnownFileType = sourcecode.swift; path = ThumbnailListViewController.swift; sourceTree = "<group>"; };
		AFAF50691C269CC800B76F7D /* SeoulPublicPop-Bridging-Header.h */ = {isa = PBXFileReference; lastKnownFileType = sourcecode.c.h; path = "SeoulPublicPop-Bridging-Header.h"; sourceTree = "<group>"; };
		AFAF506A1C269CC800B76F7D /* iCarousel.h */ = {isa = PBXFileReference; fileEncoding = 4; lastKnownFileType = sourcecode.c.h; path = iCarousel.h; sourceTree = "<group>"; };
		AFAF506B1C269CC800B76F7D /* iCarousel.m */ = {isa = PBXFileReference; fileEncoding = 4; lastKnownFileType = sourcecode.c.objc; path = iCarousel.m; sourceTree = "<group>"; };
		AFAF50721C26FE2800B76F7D /* ThumbnailCard.xib */ = {isa = PBXFileReference; fileEncoding = 4; lastKnownFileType = file.xib; path = ThumbnailCard.xib; sourceTree = "<group>"; };
		AFAF50741C26FEDA00B76F7D /* ThumbnailListView.swift */ = {isa = PBXFileReference; fileEncoding = 4; lastKnownFileType = sourcecode.swift; path = ThumbnailListView.swift; sourceTree = "<group>"; };
		AFCE8D731C0698560024E41E /* CategoryListLayoutDraw.swift */ = {isa = PBXFileReference; fileEncoding = 4; lastKnownFileType = sourcecode.swift; path = CategoryListLayoutDraw.swift; sourceTree = "<group>"; };
		AFDBE35E1C21F1220072B9DB /* LocalSearchViewController.swift */ = {isa = PBXFileReference; fileEncoding = 4; lastKnownFileType = sourcecode.swift; path = LocalSearchViewController.swift; sourceTree = "<group>"; };
		AFDBE3601C21F12F0072B9DB /* MapSearchViewController.swift */ = {isa = PBXFileReference; fileEncoding = 4; lastKnownFileType = sourcecode.swift; path = MapSearchViewController.swift; sourceTree = "<group>"; };
		AFDBE3931C21F4D70072B9DB /* MapKit.framework */ = {isa = PBXFileReference; lastKnownFileType = wrapper.framework; name = MapKit.framework; path = System/Library/Frameworks/MapKit.framework; sourceTree = SDKROOT; };
		CD637E821C257C6400094082 /* SemiDetailData.swift */ = {isa = PBXFileReference; fileEncoding = 4; lastKnownFileType = sourcecode.swift; path = SemiDetailData.swift; sourceTree = "<group>"; };
		CD6BC7B61C267A64004634D8 /* Sector.swift */ = {isa = PBXFileReference; fileEncoding = 4; lastKnownFileType = sourcecode.swift; path = Sector.swift; sourceTree = "<group>"; };
		CD6BC7BA1C2685F9004634D8 /* Local.swift */ = {isa = PBXFileReference; fileEncoding = 4; lastKnownFileType = sourcecode.swift; path = Local.swift; sourceTree = "<group>"; };
		CD8C7B231C25083200781A27 /* DataCenter.swift */ = {isa = PBXFileReference; fileEncoding = 4; lastKnownFileType = sourcecode.swift; path = DataCenter.swift; sourceTree = "<group>"; };
		CD8C7B241C25083200781A27 /* DataLoader.swift */ = {isa = PBXFileReference; fileEncoding = 4; lastKnownFileType = sourcecode.swift; path = DataLoader.swift; sourceTree = "<group>"; };
		CD8C7B251C25083200781A27 /* RequestChunk.swift */ = {isa = PBXFileReference; fileEncoding = 4; lastKnownFileType = sourcecode.swift; path = RequestChunk.swift; sourceTree = "<group>"; };
/* End PBXFileReference section */

/* Begin PBXFrameworksBuildPhase section */
		AF7493991C0630FA00BF1405 /* Frameworks */ = {
			isa = PBXFrameworksBuildPhase;
			buildActionMask = 2147483647;
			files = (
				AFDBE3941C21F4D70072B9DB /* MapKit.framework in Frameworks */,
			);
			runOnlyForDeploymentPostprocessing = 0;
		};
		AF7493B01C0630FA00BF1405 /* Frameworks */ = {
			isa = PBXFrameworksBuildPhase;
			buildActionMask = 2147483647;
			files = (
			);
			runOnlyForDeploymentPostprocessing = 0;
		};
/* End PBXFrameworksBuildPhase section */

/* Begin PBXGroup section */
		AF01785A1C249607007577F4 /* LocalSearch */ = {
			isa = PBXGroup;
			children = (
				AF0178581C247C0F007577F4 /* LocationInfo.plist */,
				AFDBE35E1C21F1220072B9DB /* LocalSearchViewController.swift */,
				AF01785C1C24967F007577F4 /* LocalSearchModel.swift */,
				AF01785E1C2499A1007577F4 /* LocalSearchList.swift */,
			);
			name = LocalSearch;
			sourceTree = "<group>";
		};
		AF01785B1C24961B007577F4 /* MapSearch */ = {
			isa = PBXGroup;
			children = (
				AFDBE3601C21F12F0072B9DB /* MapSearchViewController.swift */,
			);
			name = MapSearch;
			sourceTree = "<group>";
		};
		AF7493931C0630FA00BF1405 = {
			isa = PBXGroup;
			children = (
				AFDBE3931C21F4D70072B9DB /* MapKit.framework */,
				AF74939E1C0630FA00BF1405 /* SeoulPublicPop */,
				AF7493B61C0630FA00BF1405 /* SeoulPublicPopTests */,
				AF74939D1C0630FA00BF1405 /* Products */,
			);
			sourceTree = "<group>";
		};
		AF74939D1C0630FA00BF1405 /* Products */ = {
			isa = PBXGroup;
			children = (
				AF74939C1C0630FA00BF1405 /* SeoulPublicPop.app */,
				AF7493B31C0630FA00BF1405 /* SeoulPublicPopTests.xctest */,
			);
			name = Products;
			sourceTree = "<group>";
		};
		AF74939E1C0630FA00BF1405 /* SeoulPublicPop */ = {
			isa = PBXGroup;
			children = (
				CD637E7F1C25086900094082 /* NetWork */,
				AFCE8D791C06A1280024E41E /* Other */,
				AFCE8D771C06A0F40024E41E /* Storyboard & Xib */,
				AFCE8D781C06A1010024E41E /* Database & Resource */,
				AFCE8D761C06A0DC0024E41E /* CategoryList (EntryPoint) */,
				AFDBE3631C21F1410072B9DB /* SearchWaySelection */,
				AFAF50681C269B1400B76F7D /* ThumbnailList */,
			);
			path = SeoulPublicPop;
			sourceTree = "<group>";
		};
		AF7493B61C0630FA00BF1405 /* SeoulPublicPopTests */ = {
			isa = PBXGroup;
			children = (
				AF7493B71C0630FB00BF1405 /* SeoulPublicPopTests.swift */,
				AF7493B91C0630FB00BF1405 /* Info.plist */,
			);
			path = SeoulPublicPopTests;
			sourceTree = "<group>";
		};
		AFAF50681C269B1400B76F7D /* ThumbnailList */ = {
			isa = PBXGroup;
			children = (
				AFAF506D1C269D5700B76F7D /* iCarousel */,
				AFAF50691C269CC800B76F7D /* SeoulPublicPop-Bridging-Header.h */,
				AFAF50641C2685FC00B76F7D /* ThumbnailListViewController.swift */,
				AFAF50741C26FEDA00B76F7D /* ThumbnailListView.swift */,
			);
			name = ThumbnailList;
			sourceTree = "<group>";
		};
		AFAF506D1C269D5700B76F7D /* iCarousel */ = {
			isa = PBXGroup;
			children = (
				AFAF506A1C269CC800B76F7D /* iCarousel.h */,
				AFAF506B1C269CC800B76F7D /* iCarousel.m */,
			);
			name = iCarousel;
			sourceTree = "<group>";
		};
		AFCE8D761C06A0DC0024E41E /* CategoryList (EntryPoint) */ = {
			isa = PBXGroup;
			children = (
				AF7493C21C0635F500BF1405 /* CategoryList.plist */,
				AF7493C41C06373500BF1405 /* CategoryModel.swift */,
				AF7493C61C06379B00BF1405 /* CategoryList.swift */,
				AF7493C81C063A1B00BF1405 /* CategoryListViewController.swift */,
				AF7493CA1C0683D300BF1405 /* CategoryListViewCell.swift */,
				AFCE8D731C0698560024E41E /* CategoryListLayoutDraw.swift */,
			);
			name = "CategoryList (EntryPoint)";
			sourceTree = "<group>";
		};
		AFCE8D771C06A0F40024E41E /* Storyboard & Xib */ = {
			isa = PBXGroup;
			children = (
				AF7493A31C0630FA00BF1405 /* Main.storyboard */,
				AFAF50721C26FE2800B76F7D /* ThumbnailCard.xib */,
				AF7493AB1C0630FA00BF1405 /* LaunchScreen.storyboard */,
			);
			name = "Storyboard & Xib";
			sourceTree = "<group>";
		};
		AFCE8D781C06A1010024E41E /* Database & Resource */ = {
			isa = PBXGroup;
			children = (
				AF7493A91C0630FA00BF1405 /* Assets.xcassets */,
				AF7493A61C0630FA00BF1405 /* SeoulPublicPop.xcdatamodeld */,
				CD637E821C257C6400094082 /* SemiDetailData.swift */,
			);
			name = "Database & Resource";
			sourceTree = "<group>";
		};
		AFCE8D791C06A1280024E41E /* Other */ = {
			isa = PBXGroup;
			children = (
				AF74939F1C0630FA00BF1405 /* AppDelegate.swift */,
				AF7493AE1C0630FA00BF1405 /* Info.plist */,
			);
			name = Other;
			sourceTree = "<group>";
		};
		AFDBE3631C21F1410072B9DB /* SearchWaySelection */ = {
			isa = PBXGroup;
			children = (
				AF01785A1C249607007577F4 /* LocalSearch */,
				AF01785B1C24961B007577F4 /* MapSearch */,
			);
			name = SearchWaySelection;
			sourceTree = "<group>";
		};
		CD637E7F1C25086900094082 /* NetWork */ = {
			isa = PBXGroup;
			children = (
				CD6BC7B61C267A64004634D8 /* Sector.swift */,
				CD6BC7BA1C2685F9004634D8 /* Local.swift */,
				CD8C7B231C25083200781A27 /* DataCenter.swift */,
				CD8C7B241C25083200781A27 /* DataLoader.swift */,
				CD8C7B251C25083200781A27 /* RequestChunk.swift */,
			);
			name = NetWork;
			sourceTree = "<group>";
		};
/* End PBXGroup section */

/* Begin PBXNativeTarget section */
		AF74939B1C0630FA00BF1405 /* SeoulPublicPop */ = {
			isa = PBXNativeTarget;
			buildConfigurationList = AF7493BC1C0630FB00BF1405 /* Build configuration list for PBXNativeTarget "SeoulPublicPop" */;
			buildPhases = (
				AF7493981C0630FA00BF1405 /* Sources */,
				AF7493991C0630FA00BF1405 /* Frameworks */,
				AF74939A1C0630FA00BF1405 /* Resources */,
			);
			buildRules = (
			);
			dependencies = (
			);
			name = SeoulPublicPop;
			productName = SeoulPublicPop;
			productReference = AF74939C1C0630FA00BF1405 /* SeoulPublicPop.app */;
			productType = "com.apple.product-type.application";
		};
		AF7493B21C0630FA00BF1405 /* SeoulPublicPopTests */ = {
			isa = PBXNativeTarget;
			buildConfigurationList = AF7493BF1C0630FB00BF1405 /* Build configuration list for PBXNativeTarget "SeoulPublicPopTests" */;
			buildPhases = (
				AF7493AF1C0630FA00BF1405 /* Sources */,
				AF7493B01C0630FA00BF1405 /* Frameworks */,
				AF7493B11C0630FA00BF1405 /* Resources */,
			);
			buildRules = (
			);
			dependencies = (
				AF7493B51C0630FA00BF1405 /* PBXTargetDependency */,
			);
			name = SeoulPublicPopTests;
			productName = SeoulPublicPopTests;
			productReference = AF7493B31C0630FA00BF1405 /* SeoulPublicPopTests.xctest */;
			productType = "com.apple.product-type.bundle.unit-test";
		};
/* End PBXNativeTarget section */

/* Begin PBXProject section */
		AF7493941C0630FA00BF1405 /* Project object */ = {
			isa = PBXProject;
			attributes = {
				LastSwiftUpdateCheck = 0720;
				LastUpgradeCheck = 0710;
				ORGANIZATIONNAME = "Pacilo's Lab";
				TargetAttributes = {
					AF74939B1C0630FA00BF1405 = {
						CreatedOnToolsVersion = 7.1.1;
						SystemCapabilities = {
							com.apple.Maps.iOS = {
								enabled = 1;
							};
						};
					};
					AF7493B21C0630FA00BF1405 = {
						CreatedOnToolsVersion = 7.1.1;
						TestTargetID = AF74939B1C0630FA00BF1405;
					};
				};
			};
			buildConfigurationList = AF7493971C0630FA00BF1405 /* Build configuration list for PBXProject "SeoulPublicPop" */;
			compatibilityVersion = "Xcode 3.2";
			developmentRegion = English;
			hasScannedForEncodings = 0;
			knownRegions = (
				en,
				Base,
			);
			mainGroup = AF7493931C0630FA00BF1405;
			productRefGroup = AF74939D1C0630FA00BF1405 /* Products */;
			projectDirPath = "";
			projectRoot = "";
			targets = (
				AF74939B1C0630FA00BF1405 /* SeoulPublicPop */,
				AF7493B21C0630FA00BF1405 /* SeoulPublicPopTests */,
			);
		};
/* End PBXProject section */

/* Begin PBXResourcesBuildPhase section */
		AF74939A1C0630FA00BF1405 /* Resources */ = {
			isa = PBXResourcesBuildPhase;
			buildActionMask = 2147483647;
			files = (
				AF7493AD1C0630FA00BF1405 /* LaunchScreen.storyboard in Resources */,
				AF7493AA1C0630FA00BF1405 /* Assets.xcassets in Resources */,
				AFAF50731C26FE2800B76F7D /* ThumbnailCard.xib in Resources */,
				AF7493C31C0635F500BF1405 /* CategoryList.plist in Resources */,
				AF0178591C247C0F007577F4 /* LocationInfo.plist in Resources */,
				AF7493A51C0630FA00BF1405 /* Main.storyboard in Resources */,
			);
			runOnlyForDeploymentPostprocessing = 0;
		};
		AF7493B11C0630FA00BF1405 /* Resources */ = {
			isa = PBXResourcesBuildPhase;
			buildActionMask = 2147483647;
			files = (
			);
			runOnlyForDeploymentPostprocessing = 0;
		};
/* End PBXResourcesBuildPhase section */

/* Begin PBXSourcesBuildPhase section */
		AF7493981C0630FA00BF1405 /* Sources */ = {
			isa = PBXSourcesBuildPhase;
			buildActionMask = 2147483647;
			files = (
				AF7493CB1C0683D300BF1405 /* CategoryListViewCell.swift in Sources */,
				AFAF50651C2685FC00B76F7D /* ThumbnailListViewController.swift in Sources */,
				AF01785F1C2499A1007577F4 /* LocalSearchList.swift in Sources */,
				CD8C7B281C25083200781A27 /* RequestChunk.swift in Sources */,
				CD8C7B271C25083200781A27 /* DataLoader.swift in Sources */,
				AF7493C91C063A1B00BF1405 /* CategoryListViewController.swift in Sources */,
				CD6BC7B71C267A65004634D8 /* Sector.swift in Sources */,
				AF01785D1C24967F007577F4 /* LocalSearchModel.swift in Sources */,
				AFAF506C1C269CC800B76F7D /* iCarousel.m in Sources */,
				AFDBE35F1C21F1220072B9DB /* LocalSearchViewController.swift in Sources */,
				AF7493C51C06373500BF1405 /* CategoryModel.swift in Sources */,
				CD6BC7BB1C2685F9004634D8 /* Local.swift in Sources */,
				AF7493C71C06379B00BF1405 /* CategoryList.swift in Sources */,
				AFAF50751C26FEDA00B76F7D /* ThumbnailListView.swift in Sources */,
				AF7493A81C0630FA00BF1405 /* SeoulPublicPop.xcdatamodeld in Sources */,
				CD637E831C257C6400094082 /* SemiDetailData.swift in Sources */,
				CD8C7B261C25083200781A27 /* DataCenter.swift in Sources */,
				AFCE8D741C0698560024E41E /* CategoryListLayoutDraw.swift in Sources */,
				AFDBE3611C21F12F0072B9DB /* MapSearchViewController.swift in Sources */,
				AF7493A01C0630FA00BF1405 /* AppDelegate.swift in Sources */,
			);
			runOnlyForDeploymentPostprocessing = 0;
		};
		AF7493AF1C0630FA00BF1405 /* Sources */ = {
			isa = PBXSourcesBuildPhase;
			buildActionMask = 2147483647;
			files = (
				AF7493B81C0630FB00BF1405 /* SeoulPublicPopTests.swift in Sources */,
			);
			runOnlyForDeploymentPostprocessing = 0;
		};
/* End PBXSourcesBuildPhase section */

/* Begin PBXTargetDependency section */
		AF7493B51C0630FA00BF1405 /* PBXTargetDependency */ = {
			isa = PBXTargetDependency;
			target = AF74939B1C0630FA00BF1405 /* SeoulPublicPop */;
			targetProxy = AF7493B41C0630FA00BF1405 /* PBXContainerItemProxy */;
		};
/* End PBXTargetDependency section */

/* Begin PBXVariantGroup section */
		AF7493A31C0630FA00BF1405 /* Main.storyboard */ = {
			isa = PBXVariantGroup;
			children = (
				AF7493A41C0630FA00BF1405 /* Base */,
			);
			name = Main.storyboard;
			sourceTree = "<group>";
		};
		AF7493AB1C0630FA00BF1405 /* LaunchScreen.storyboard */ = {
			isa = PBXVariantGroup;
			children = (
				AF7493AC1C0630FA00BF1405 /* Base */,
			);
			name = LaunchScreen.storyboard;
			sourceTree = "<group>";
		};
/* End PBXVariantGroup section */

/* Begin XCBuildConfiguration section */
		AF7493BA1C0630FB00BF1405 /* Debug */ = {
			isa = XCBuildConfiguration;
			buildSettings = {
				ALWAYS_SEARCH_USER_PATHS = NO;
				CLANG_CXX_LANGUAGE_STANDARD = "gnu++0x";
				CLANG_CXX_LIBRARY = "libc++";
				CLANG_ENABLE_MODULES = YES;
				CLANG_ENABLE_OBJC_ARC = YES;
				CLANG_WARN_BOOL_CONVERSION = YES;
				CLANG_WARN_CONSTANT_CONVERSION = YES;
				CLANG_WARN_DIRECT_OBJC_ISA_USAGE = YES_ERROR;
				CLANG_WARN_EMPTY_BODY = YES;
				CLANG_WARN_ENUM_CONVERSION = YES;
				CLANG_WARN_INT_CONVERSION = YES;
				CLANG_WARN_OBJC_ROOT_CLASS = YES_ERROR;
				CLANG_WARN_UNREACHABLE_CODE = YES;
				CLANG_WARN__DUPLICATE_METHOD_MATCH = YES;
				"CODE_SIGN_IDENTITY[sdk=iphoneos*]" = "iPhone Developer";
				COPY_PHASE_STRIP = NO;
				DEBUG_INFORMATION_FORMAT = dwarf;
				ENABLE_STRICT_OBJC_MSGSEND = YES;
				ENABLE_TESTABILITY = YES;
				GCC_C_LANGUAGE_STANDARD = gnu99;
				GCC_DYNAMIC_NO_PIC = NO;
				GCC_NO_COMMON_BLOCKS = YES;
				GCC_OPTIMIZATION_LEVEL = 0;
				GCC_PREPROCESSOR_DEFINITIONS = (
					"DEBUG=1",
					"$(inherited)",
				);
				GCC_WARN_64_TO_32_BIT_CONVERSION = YES;
				GCC_WARN_ABOUT_RETURN_TYPE = YES_ERROR;
				GCC_WARN_UNDECLARED_SELECTOR = YES;
				GCC_WARN_UNINITIALIZED_AUTOS = YES_AGGRESSIVE;
				GCC_WARN_UNUSED_FUNCTION = YES;
				GCC_WARN_UNUSED_VARIABLE = YES;
				IPHONEOS_DEPLOYMENT_TARGET = 9.1;
				MTL_ENABLE_DEBUG_INFO = YES;
				ONLY_ACTIVE_ARCH = YES;
				SDKROOT = iphoneos;
				SWIFT_OPTIMIZATION_LEVEL = "-Onone";
				TARGETED_DEVICE_FAMILY = "1,2";
			};
			name = Debug;
		};
		AF7493BB1C0630FB00BF1405 /* Release */ = {
			isa = XCBuildConfiguration;
			buildSettings = {
				ALWAYS_SEARCH_USER_PATHS = NO;
				CLANG_CXX_LANGUAGE_STANDARD = "gnu++0x";
				CLANG_CXX_LIBRARY = "libc++";
				CLANG_ENABLE_MODULES = YES;
				CLANG_ENABLE_OBJC_ARC = YES;
				CLANG_WARN_BOOL_CONVERSION = YES;
				CLANG_WARN_CONSTANT_CONVERSION = YES;
				CLANG_WARN_DIRECT_OBJC_ISA_USAGE = YES_ERROR;
				CLANG_WARN_EMPTY_BODY = YES;
				CLANG_WARN_ENUM_CONVERSION = YES;
				CLANG_WARN_INT_CONVERSION = YES;
				CLANG_WARN_OBJC_ROOT_CLASS = YES_ERROR;
				CLANG_WARN_UNREACHABLE_CODE = YES;
				CLANG_WARN__DUPLICATE_METHOD_MATCH = YES;
				"CODE_SIGN_IDENTITY[sdk=iphoneos*]" = "iPhone Developer";
				COPY_PHASE_STRIP = NO;
				DEBUG_INFORMATION_FORMAT = "dwarf-with-dsym";
				ENABLE_NS_ASSERTIONS = NO;
				ENABLE_STRICT_OBJC_MSGSEND = YES;
				GCC_C_LANGUAGE_STANDARD = gnu99;
				GCC_NO_COMMON_BLOCKS = YES;
				GCC_WARN_64_TO_32_BIT_CONVERSION = YES;
				GCC_WARN_ABOUT_RETURN_TYPE = YES_ERROR;
				GCC_WARN_UNDECLARED_SELECTOR = YES;
				GCC_WARN_UNINITIALIZED_AUTOS = YES_AGGRESSIVE;
				GCC_WARN_UNUSED_FUNCTION = YES;
				GCC_WARN_UNUSED_VARIABLE = YES;
				IPHONEOS_DEPLOYMENT_TARGET = 9.1;
				MTL_ENABLE_DEBUG_INFO = NO;
				SDKROOT = iphoneos;
				TARGETED_DEVICE_FAMILY = "1,2";
				VALIDATE_PRODUCT = YES;
			};
			name = Release;
		};
		AF7493BD1C0630FB00BF1405 /* Debug */ = {
			isa = XCBuildConfiguration;
			buildSettings = {
				ASSETCATALOG_COMPILER_APPICON_NAME = AppIcon;
				CLANG_ENABLE_MODULES = YES;
				INFOPLIST_FILE = SeoulPublicPop/Info.plist;
				LD_RUNPATH_SEARCH_PATHS = "$(inherited) @executable_path/Frameworks";
				PRODUCT_BUNDLE_IDENTIFIER = kr.ac.ssu.SeoulPublicPop;
				PRODUCT_NAME = "$(TARGET_NAME)";
				SWIFT_OBJC_BRIDGING_HEADER = "SeoulPublicPop/SeoulPublicPop-Bridging-Header.h";
				SWIFT_OPTIMIZATION_LEVEL = "-Onone";
			};
			name = Debug;
		};
		AF7493BE1C0630FB00BF1405 /* Release */ = {
			isa = XCBuildConfiguration;
			buildSettings = {
				ASSETCATALOG_COMPILER_APPICON_NAME = AppIcon;
				CLANG_ENABLE_MODULES = YES;
				INFOPLIST_FILE = SeoulPublicPop/Info.plist;
				LD_RUNPATH_SEARCH_PATHS = "$(inherited) @executable_path/Frameworks";
				PRODUCT_BUNDLE_IDENTIFIER = kr.ac.ssu.SeoulPublicPop;
				PRODUCT_NAME = "$(TARGET_NAME)";
				SWIFT_OBJC_BRIDGING_HEADER = "SeoulPublicPop/SeoulPublicPop-Bridging-Header.h";
			};
			name = Release;
		};
		AF7493C01C0630FB00BF1405 /* Debug */ = {
			isa = XCBuildConfiguration;
			buildSettings = {
				BUNDLE_LOADER = "$(TEST_HOST)";
				INFOPLIST_FILE = SeoulPublicPopTests/Info.plist;
				LD_RUNPATH_SEARCH_PATHS = "$(inherited) @executable_path/Frameworks @loader_path/Frameworks";
				PRODUCT_BUNDLE_IDENTIFIER = kr.ac.ssu.SeoulPublicPopTests;
				PRODUCT_NAME = "$(TARGET_NAME)";
				TEST_HOST = "$(BUILT_PRODUCTS_DIR)/SeoulPublicPop.app/SeoulPublicPop";
			};
			name = Debug;
		};
		AF7493C11C0630FB00BF1405 /* Release */ = {
			isa = XCBuildConfiguration;
			buildSettings = {
				BUNDLE_LOADER = "$(TEST_HOST)";
				INFOPLIST_FILE = SeoulPublicPopTests/Info.plist;
				LD_RUNPATH_SEARCH_PATHS = "$(inherited) @executable_path/Frameworks @loader_path/Frameworks";
				PRODUCT_BUNDLE_IDENTIFIER = kr.ac.ssu.SeoulPublicPopTests;
				PRODUCT_NAME = "$(TARGET_NAME)";
				TEST_HOST = "$(BUILT_PRODUCTS_DIR)/SeoulPublicPop.app/SeoulPublicPop";
			};
			name = Release;
		};
/* End XCBuildConfiguration section */

/* Begin XCConfigurationList section */
		AF7493971C0630FA00BF1405 /* Build configuration list for PBXProject "SeoulPublicPop" */ = {
			isa = XCConfigurationList;
			buildConfigurations = (
				AF7493BA1C0630FB00BF1405 /* Debug */,
				AF7493BB1C0630FB00BF1405 /* Release */,
			);
			defaultConfigurationIsVisible = 0;
			defaultConfigurationName = Release;
		};
		AF7493BC1C0630FB00BF1405 /* Build configuration list for PBXNativeTarget "SeoulPublicPop" */ = {
			isa = XCConfigurationList;
			buildConfigurations = (
				AF7493BD1C0630FB00BF1405 /* Debug */,
				AF7493BE1C0630FB00BF1405 /* Release */,
			);
			defaultConfigurationIsVisible = 0;
			defaultConfigurationName = Release;
		};
		AF7493BF1C0630FB00BF1405 /* Build configuration list for PBXNativeTarget "SeoulPublicPopTests" */ = {
			isa = XCConfigurationList;
			buildConfigurations = (
				AF7493C01C0630FB00BF1405 /* Debug */,
				AF7493C11C0630FB00BF1405 /* Release */,
			);
			defaultConfigurationIsVisible = 0;
			defaultConfigurationName = Release;
		};
/* End XCConfigurationList section */

/* Begin XCVersionGroup section */
		AF7493A61C0630FA00BF1405 /* SeoulPublicPop.xcdatamodeld */ = {
			isa = XCVersionGroup;
			children = (
				AF7493A71C0630FA00BF1405 /* SeoulPublicPop.xcdatamodel */,
			);
			currentVersion = AF7493A71C0630FA00BF1405 /* SeoulPublicPop.xcdatamodel */;
			path = SeoulPublicPop.xcdatamodeld;
			sourceTree = "<group>";
			versionGroupType = wrapper.xcdatamodel;
		};
/* End XCVersionGroup section */
	};
	rootObject = AF7493941C0630FA00BF1405 /* Project object */;
}
